
Microsoft Visual Studio Solution File, Format Version 12.00
# Visual Studio Version 16
VisualStudioVersion = 16.0.30104.148
MinimumVisualStudioVersion = 10.0.40219.1
Project("{8BC9CEB8-8B4A-11D0-8D11-00A0C91BC942}") = "GLFW_GLEW-Starter Solution", "GLFW_GLEW-Starter Solution.vcxproj", "{6382B24A-F618-45BB-9E06-396AE9E04E99}"
EndProject
Global
	GlobalSection(SolutionConfigurationPlatforms) = preSolution
		Debug|x64 = Debug|x64
		Debug|x86 = Debug|x86
		Release|x64 = Release|x64
		Release|x86 = Release|x86
	EndGlobalSection
	GlobalSection(ProjectConfigurationPlatforms) = postSolution
		{6382B24A-F618-45BB-9E06-396AE9E04E99}.Debug|x64.ActiveCfg = Debug|x64
		{6382B24A-F618-45BB-9E06-396AE9E04E99}.Debug|x64.Build.0 = Debug|x64
		{6382B24A-F618-45BB-9E06-396AE9E04E99}.Debug|x86.ActiveCfg = Debug|Win32
		{6382B24A-F618-45BB-9E06-396AE9E04E99}.Debug|x86.Build.0 = Debug|Win32
		{6382B24A-F618-45BB-9E06-396AE9E04E99}.Release|x64.ActiveCfg = Release|x64
		{6382B24A-F618-45BB-9E06-396AE9E04E99}.Release|x64.Build.0 = Release|x64
		{6382B24A-F618-45BB-9E06-396AE9E04E99}.Release|x86.ActiveCfg = Release|Win32
		{6382B24A-F618-45BB-9E06-396AE9E04E99}.Release|x86.Build.0 = Release|Win32
	EndGlobalSection
	GlobalSection(SolutionProperties) = preSolution
		HideSolutionNode = FALSE
	EndGlobalSection
	GlobalSection(ExtensibilityGlobals) = postSolution
		SolutionGuid = {E5F14777-5B30-4E5B-8DFD-BA7315B818FE}
	EndGlobalSection
EndGlobal
